
Microsoft Visual Studio Solution File, Format Version 12.00
# Visual Studio Version 17
VisualStudioVersion = 17.6.33815.320
MinimumVisualStudioVersion = 10.0.40219.1
Project("{FAE04EC0-301F-11D3-BF4B-00C04F79EFBC}") = "Emprestimo-Livros", "Emprestimo-Livros\Emprestimo-Livros.csproj", "{5A14A86C-B924-4A49-AAB9-3615CD05CD89}"
EndProject
Global
	GlobalSection(SolutionConfigurationPlatforms) = preSolution
		Debug|Any CPU = Debug|Any CPU
		Release|Any CPU = Release|Any CPU
	EndGlobalSection
	GlobalSection(ProjectConfigurationPlatforms) = postSolution
		{5A14A86C-B924-4A49-AAB9-3615CD05CD89}.Debug|Any CPU.ActiveCfg = Debug|Any CPU
		{5A14A86C-B924-4A49-AAB9-3615CD05CD89}.Debug|Any CPU.Build.0 = Debug|Any CPU
		{5A14A86C-B924-4A49-AAB9-3615CD05CD89}.Release|Any CPU.ActiveCfg = Release|Any CPU
		{5A14A86C-B924-4A49-AAB9-3615CD05CD89}.Release|Any CPU.Build.0 = Release|Any CPU
	EndGlobalSection
	GlobalSection(SolutionProperties) = preSolution
		HideSolutionNode = FALSE
	EndGlobalSection
	GlobalSection(ExtensibilityGlobals) = postSolution
		SolutionGuid = {C205D43D-ADC7-4EE7-AD6B-47D8DB74C952}
	EndGlobalSection
EndGlobal
